{
    "_readme": [
        "This file locks the dependencies of your project to a known state",
        "Read more about it at https://getcomposer.org/doc/01-basic-usage.md#installing-dependencies",
        "This file is @generated automatically"
    ],
    "content-hash": "80bb481e87f3d2a07b48b15f2414ee1e",
    "packages": [
        {
            "name": "openspout/openspout",
            "version": "v4.7.0",
            "source": {
                "type": "git",
                "url": "https://github.com/openspout/openspout.git",
                "reference": "ed089ae7009f5e5750393fd945209d03ebf09afe"
            },
            "dist": {
                "type": "zip",
                "url": "https://api.github.com/repos/openspout/openspout/zipball/ed089ae7009f5e5750393fd945209d03ebf09afe",
                "reference": "ed089ae7009f5e5750393fd945209d03ebf09afe",
                "shasum": ""
            },
            "require": {
                "ext-dom": "*",
                "ext-fileinfo": "*",
                "ext-filter": "*",
                "ext-libxml": "*",
                "ext-xmlreader": "*",
                "ext-zip": "*",
                "php": "~8.0.0 || ~8.1.0"
            },
            "require-dev": {
                "ext-zlib": "*",
                "friendsofphp/php-cs-fixer": "^3.8.0",
                "infection/infection": "^0.26.10",
                "phpbench/phpbench": "^1.2.5",
                "phpstan/phpstan": "^1.6.8",
                "phpstan/phpstan-phpunit": "^1.1.1",
                "phpstan/phpstan-strict-rules": "^1.2.3",
                "phpunit/phpunit": "^9.5.20"
            },
            "suggest": {
                "ext-iconv": "To handle non UTF-8 CSV files (if \"php-intl\" is not already installed or is too limited)",
                "ext-intl": "To handle non UTF-8 CSV files (if \"iconv\" is not already installed)"
            },
            "type": "library",
            "extra": {
                "branch-alias": {
                    "dev-master": "3.3.x-dev"
                }
            },
            "autoload": {
                "psr-4": {
                    "OpenSpout\\": "src/"
                }
            },
            "notification-url": "https://packagist.org/downloads/",
            "license": [
                "MIT"
            ],
            "authors": [
                {
                    "name": "Adrien Loison",
                    "email": "adrien@box.com"
                }
            ],
            "description": "PHP Library to read and write spreadsheet files (CSV, XLSX and ODS), in a fast and scalable way",
            "homepage": "https://github.com/openspout/openspout",
            "keywords": [
                "OOXML",
                "csv",
                "excel",
                "memory",
                "odf",
                "ods",
                "office",
                "open",
                "php",
                "read",
                "scale",
                "spreadsheet",
                "stream",
                "write",
                "xlsx"
            ],
            "support": {
                "issues": "https://github.com/openspout/openspout/issues",
                "source": "https://github.com/openspout/openspout/tree/v4.7.0"
            },
            "funding": [
                {
                    "url": "https://paypal.me/filippotessarotto",
                    "type": "custom"
                },
                {
                    "url": "https://github.com/Slamdunk",
                    "type": "github"
                }
            ],
            "time": "2022-08-30T13:11:02+00:00"
        }
    ],
    "packages-dev": [],
    "aliases": [],
    "minimum-stability": "stable",
    "stability-flags": [],
    "prefer-stable": false,
    "prefer-lowest": false,
    "platform": [],
    "platform-dev": [],
    "plugin-api-version": "2.3.0"
}
